
Microsoft Visual Studio Solution File, Format Version 12.00
# Visual Studio Version 17
VisualStudioVersion = 17.2.32602.215
MinimumVisualStudioVersion = 10.0.40219.1
Project("{FAE04EC0-301F-11D3-BF4B-00C04F79EFBC}") = "UniDotNetProject", "UniDotNetProject.csproj", "{3883A1DF-7AB2-403E-8F6D-E9D805EC53BA}"
EndProject
Global
	GlobalSection(SolutionConfigurationPlatforms) = preSolution
		Debug|Any CPU = Debug|Any CPU
		Release|Any CPU = Release|Any CPU
	EndGlobalSection
	GlobalSection(ProjectConfigurationPlatforms) = postSolution
		{3883A1DF-7AB2-403E-8F6D-E9D805EC53BA}.Debug|Any CPU.ActiveCfg = Debug|Any CPU
		{3883A1DF-7AB2-403E-8F6D-E9D805EC53BA}.Debug|Any CPU.Build.0 = Debug|Any CPU
		{3883A1DF-7AB2-403E-8F6D-E9D805EC53BA}.Release|Any CPU.ActiveCfg = Release|Any CPU
		{3883A1DF-7AB2-403E-8F6D-E9D805EC53BA}.Release|Any CPU.Build.0 = Release|Any CPU
	EndGlobalSection
	GlobalSection(SolutionProperties) = preSolution
		HideSolutionNode = FALSE
	EndGlobalSection
	GlobalSection(ExtensibilityGlobals) = postSolution
		SolutionGuid = {C5669B96-720D-4E8B-BB11-8DAC11EE0603}
	EndGlobalSection
EndGlobal
